// !$*UTF8*$!
{
	archiveVersion = 1;
	classes = {
	};
	objectVersion = 77;
	objects = {

/* Begin PBXContainerItemProxy section */
		522485EE2E5A0879002B3C4E /* PBXContainerItemProxy */ = {
			isa = PBXContainerItemProxy;
			containerPortal = 522485D82E5A0877002B3C4E /* Project object */;
			proxyType = 1;
			remoteGlobalIDString = 522485DF2E5A0877002B3C4E;
			remoteInfo = "Vita-Health";
		};
		522485F82E5A0879002B3C4E /* PBXContainerItemProxy */ = {
			isa = PBXContainerItemProxy;
			containerPortal = 522485D82E5A0877002B3C4E /* Project object */;
			proxyType = 1;
			remoteGlobalIDString = 522485DF2E5A0877002B3C4E;
			remoteInfo = "Vita-Health";
		};
/* End PBXContainerItemProxy section */

/* Begin PBXFileReference section */
		522485E02E5A0877002B3C4E /* Vita-Health.app */ = {isa = PBXFileReference; explicitFileType = wrapper.application; includeInIndex = 0; path = "Vita-Health.app"; sourceTree = BUILT_PRODUCTS_DIR; };
		522485ED2E5A0879002B3C4E /* Vita-HealthTests.xctest */ = {isa = PBXFileReference; explicitFileType = wrapper.cfbundle; includeInIndex = 0; path = "Vita-HealthTests.xctest"; sourceTree = BUILT_PRODUCTS_DIR; };
		522485F72E5A0879002B3C4E /* Vita-HealthUITests.xctest */ = {isa = PBXFileReference; explicitFileType = wrapper.cfbundle; includeInIndex = 0; path = "Vita-HealthUITests.xctest"; sourceTree = BUILT_PRODUCTS_DIR; };
/* End PBXFileReference section */

/* Begin PBXFileSystemSynchronizedRootGroup section */
		522485E22E5A0877002B3C4E /* Vita-Health */ = {
			isa = PBXFileSystemSynchronizedRootGroup;
			path = "Vita-Health";
			sourceTree = "<group>";
		};
		522485F02E5A0879002B3C4E /* Vita-HealthTests */ = {
			isa = PBXFileSystemSynchronizedRootGroup;
			path = "Vita-HealthTests";
			sourceTree = "<group>";
		};
		522485FA2E5A0879002B3C4E /* Vita-HealthUITests */ = {
			isa = PBXFileSystemSynchronizedRootGroup;
			path = "Vita-HealthUITests";
			sourceTree = "<group>";
		};
/* End PBXFileSystemSynchronizedRootGroup section */

/* Begin PBXFrameworksBuildPhase section */
		522485DD2E5A0877002B3C4E /* Frameworks */ = {
			isa = PBXFrameworksBuildPhase;
			buildActionMask = 2147483647;
			files = (
			);
			runOnlyForDeploymentPostprocessing = 0;
		};
		522485EA2E5A0879002B3C4E /* Frameworks */ = {
			isa = PBXFrameworksBuildPhase;
			buildActionMask = 2147483647;
			files = (
			);
			runOnlyForDeploymentPostprocessing = 0;
		};
		522485F42E5A0879002B3C4E /* Frameworks */ = {
			isa = PBXFrameworksBuildPhase;
			buildActionMask = 2147483647;
			files = (
			);
			runOnlyForDeploymentPostprocessing = 0;
		};
/* End PBXFrameworksBuildPhase section */

/* Begin PBXGroup section */
		522485D72E5A0877002B3C4E = {
			isa = PBXGroup;
			children = (
				522485E22E5A0877002B3C4E /* Vita-Health */,
				522485F02E5A0879002B3C4E /* Vita-HealthTests */,
				522485FA2E5A0879002B3C4E /* Vita-HealthUITests */,
				522485E12E5A0877002B3C4E /* Products */,
			);
			sourceTree = "<group>";
		};
		522485E12E5A0877002B3C4E /* Products */ = {
			isa = PBXGroup;
			children = (
				522485E02E5A0877002B3C4E /* Vita-Health.app */,
				522485ED2E5A0879002B3C4E /* Vita-HealthTests.xctest */,
				522485F72E5A0879002B3C4E /* Vita-HealthUITests.xctest */,
			);
			name = Products;
			sourceTree = "<group>";
		};
/* End PBXGroup section */

/* Begin PBXNativeTarget section */
		522485DF2E5A0877002B3C4E /* Vita-Health */ = {
			isa = PBXNativeTarget;
			buildConfigurationList = 522486012E5A0879002B3C4E /* Build configuration list for PBXNativeTarget "Vita-Health" */;
			buildPhases = (
				522485DC2E5A0877002B3C4E /* Sources */,
				522485DD2E5A0877002B3C4E /* Frameworks */,
				522485DE2E5A0877002B3C4E /* Resources */,
			);
			buildRules = (
			);
			dependencies = (
			);
			fileSystemSynchronizedGroups = (
				522485E22E5A0877002B3C4E /* Vita-Health */,
			);
			name = "Vita-Health";
			packageProductDependencies = (
			);
			productName = "Vita-Health";
			productReference = 522485E02E5A0877002B3C4E /* Vita-Health.app */;
			productType = "com.apple.product-type.application";
		};
		522485EC2E5A0879002B3C4E /* Vita-HealthTests */ = {
			isa = PBXNativeTarget;
			buildConfigurationList = 522486042E5A0879002B3C4E /* Build configuration list for PBXNativeTarget "Vita-HealthTests" */;
			buildPhases = (
				522485E92E5A0879002B3C4E /* Sources */,
				522485EA2E5A0879002B3C4E /* Frameworks */,
				522485EB2E5A0879002B3C4E /* Resources */,
			);
			buildRules = (
			);
			dependencies = (
				522485EF2E5A0879002B3C4E /* PBXTargetDependency */,
			);
			fileSystemSynchronizedGroups = (
				522485F02E5A0879002B3C4E /* Vita-HealthTests */,
			);
			name = "Vita-HealthTests";
			packageProductDependencies = (
			);
			productName = "Vita-HealthTests";
			productReference = 522485ED2E5A0879002B3C4E /* Vita-HealthTests.xctest */;
			productType = "com.apple.product-type.bundle.unit-test";
		};
		522485F62E5A0879002B3C4E /* Vita-HealthUITests */ = {
			isa = PBXNativeTarget;
			buildConfigurationList = 522486072E5A0879002B3C4E /* Build configuration list for PBXNativeTarget "Vita-HealthUITests" */;
			buildPhases = (
				522485F32E5A0879002B3C4E /* Sources */,
				522485F42E5A0879002B3C4E /* Frameworks */,
				522485F52E5A0879002B3C4E /* Resources */,
			);
			buildRules = (
			);
			dependencies = (
				522485F92E5A0879002B3C4E /* PBXTargetDependency */,
			);
			fileSystemSynchronizedGroups = (
				522485FA2E5A0879002B3C4E /* Vita-HealthUITests */,
			);
			name = "Vita-HealthUITests";
			packageProductDependencies = (
			);
			productName = "Vita-HealthUITests";
			productReference = 522485F72E5A0879002B3C4E /* Vita-HealthUITests.xctest */;
			productType = "com.apple.product-type.bundle.ui-testing";
		};
/* End PBXNativeTarget section */

/* Begin PBXProject section */
		522485D82E5A0877002B3C4E /* Project object */ = {
			isa = PBXProject;
			attributes = {
				BuildIndependentTargetsInParallel = 1;
				LastSwiftUpdateCheck = 1640;
				LastUpgradeCheck = 1640;
				TargetAttributes = {
					522485DF2E5A0877002B3C4E = {
						CreatedOnToolsVersion = 16.4;
					};
					522485EC2E5A0879002B3C4E = {
						CreatedOnToolsVersion = 16.4;
						TestTargetID = 522485DF2E5A0877002B3C4E;
					};
					522485F62E5A0879002B3C4E = {
						CreatedOnToolsVersion = 16.4;
						TestTargetID = 522485DF2E5A0877002B3C4E;
					};
				};
			};
			buildConfigurationList = 522485DB2E5A0877002B3C4E /* Build configuration list for PBXProject "Vita-Health" */;
			developmentRegion = en;
			hasScannedForEncodings = 0;
			knownRegions = (
				en,
				Base,
			);
			mainGroup = 522485D72E5A0877002B3C4E;
			minimizedProjectReferenceProxies = 1;
			preferredProjectObjectVersion = 77;
			productRefGroup = 522485E12E5A0877002B3C4E /* Products */;
			projectDirPath = "";
			projectRoot = "";
			targets = (
				522485DF2E5A0877002B3C4E /* Vita-Health */,
				522485EC2E5A0879002B3C4E /* Vita-HealthTests */,
				522485F62E5A0879002B3C4E /* Vita-HealthUITests */,
			);
		};
/* End PBXProject section */

/* Begin PBXResourcesBuildPhase section */
		522485DE2E5A0877002B3C4E /* Resources */ = {
			isa = PBXResourcesBuildPhase;
			buildActionMask = 2147483647;
			files = (
			);
			runOnlyForDeploymentPostprocessing = 0;
		};
		522485EB2E5A0879002B3C4E /* Resources */ = {
			isa = PBXResourcesBuildPhase;
			buildActionMask = 2147483647;
			files = (
			);
			runOnlyForDeploymentPostprocessing = 0;
		};
		522485F52E5A0879002B3C4E /* Resources */ = {
			isa = PBXResourcesBuildPhase;
			buildActionMask = 2147483647;
			files = (
			);
			runOnlyForDeploymentPostprocessing = 0;
		};
/* End PBXResourcesBuildPhase section */

/* Begin PBXSourcesBuildPhase section */
		522485DC2E5A0877002B3C4E /* Sources */ = {
			isa = PBXSourcesBuildPhase;
			buildActionMask = 2147483647;
			files = (
			);
			runOnlyForDeploymentPostprocessing = 0;
		};
		522485E92E5A0879002B3C4E /* Sources */ = {
			isa = PBXSourcesBuildPhase;
			buildActionMask = 2147483647;
			files = (
			);
			runOnlyForDeploymentPostprocessing = 0;
		};
		522485F32E5A0879002B3C4E /* Sources */ = {
			isa = PBXSourcesBuildPhase;
			buildActionMask = 2147483647;
			files = (
			);
			runOnlyForDeploymentPostprocessing = 0;
		};
/* End PBXSourcesBuildPhase section */

/* Begin PBXTargetDependency section */
		522485EF2E5A0879002B3C4E /* PBXTargetDependency */ = {
			isa = PBXTargetDependency;
			target = 522485DF2E5A0877002B3C4E /* Vita-Health */;
			targetProxy = 522485EE2E5A0879002B3C4E /* PBXContainerItemProxy */;
		};
		522485F92E5A0879002B3C4E /* PBXTargetDependency */ = {
			isa = PBXTargetDependency;
			target = 522485DF2E5A0877002B3C4E /* Vita-Health */;
			targetProxy = 522485F82E5A0879002B3C4E /* PBXContainerItemProxy */;
		};
/* End PBXTargetDependency section */

/* Begin XCBuildConfiguration section */
		522485FF2E5A0879002B3C4E /* Debug */ = {
			isa = XCBuildConfiguration;
			buildSettings = {
				ALWAYS_SEARCH_USER_PATHS = NO;
				ASSETCATALOG_COMPILER_GENERATE_SWIFT_ASSET_SYMBOL_EXTENSIONS = YES;
				CLANG_ANALYZER_NONNULL = YES;
				CLANG_ANALYZER_NUMBER_OBJECT_CONVERSION = YES_AGGRESSIVE;
				CLANG_CXX_LANGUAGE_STANDARD = "gnu++20";
				CLANG_ENABLE_MODULES = YES;
				CLANG_ENABLE_OBJC_ARC = YES;
				CLANG_ENABLE_OBJC_WEAK = YES;
				CLANG_WARN_BLOCK_CAPTURE_AUTORELEASING = YES;
				CLANG_WARN_BOOL_CONVERSION = YES;
				CLANG_WARN_COMMA = YES;
				CLANG_WARN_CONSTANT_CONVERSION = YES;
				CLANG_WARN_DEPRECATED_OBJC_IMPLEMENTATIONS = YES;
				CLANG_WARN_DIRECT_OBJC_ISA_USAGE = YES_ERROR;
				CLANG_WARN_DOCUMENTATION_COMMENTS = YES;
				CLANG_WARN_EMPTY_BODY = YES;
				CLANG_WARN_ENUM_CONVERSION = YES;
				CLANG_WARN_INFINITE_RECURSION = YES;
				CLANG_WARN_INT_CONVERSION = YES;
				CLANG_WARN_NON_LITERAL_NULL_CONVERSION = YES;
				CLANG_WARN_OBJC_IMPLICIT_RETAIN_SELF = YES;
				CLANG_WARN_OBJC_LITERAL_CONVERSION = YES;
				CLANG_WARN_OBJC_ROOT_CLASS = YES_ERROR;
				CLANG_WARN_QUOTED_INCLUDE_IN_FRAMEWORK_HEADER = YES;
				CLANG_WARN_RANGE_LOOP_ANALYSIS = YES;
				CLANG_WARN_STRICT_PROTOTYPES = YES;
				CLANG_WARN_SUSPICIOUS_MOVE = YES;
				CLANG_WARN_UNGUARDED_AVAILABILITY = YES_AGGRESSIVE;
				CLANG_WARN_UNREACHABLE_CODE = YES;
				CLANG_WARN__DUPLICATE_METHOD_MATCH = YES;
				COPY_PHASE_STRIP = NO;
				DEBUG_INFORMATION_FORMAT = dwarf;
				ENABLE_STRICT_OBJC_MSGSEND = YES;
				ENABLE_TESTABILITY = YES;
				ENABLE_USER_SCRIPT_SANDBOXING = YES;
				GCC_C_LANGUAGE_STANDARD = gnu17;
				GCC_DYNAMIC_NO_PIC = NO;
				GCC_NO_COMMON_BLOCKS = YES;
				GCC_OPTIMIZATION_LEVEL = 0;
				GCC_PREPROCESSOR_DEFINITIONS = (
					"DEBUG=1",
					"$(inherited)",
				);
				GCC_WARN_64_TO_32_BIT_CONVERSION = YES;
				GCC_WARN_ABOUT_RETURN_TYPE = YES_ERROR;
				GCC_WARN_UNDECLARED_SELECTOR = YES;
				GCC_WARN_UNINITIALIZED_AUTOS = YES_AGGRESSIVE;
				GCC_WARN_UNUSED_FUNCTION = YES;
				GCC_WARN_UNUSED_VARIABLE = YES;
				IPHONEOS_DEPLOYMENT_TARGET = 18.5;
				LOCALIZATION_PREFERS_STRING_CATALOGS = YES;
				MTL_ENABLE_DEBUG_INFO = INCLUDE_SOURCE;
				MTL_FAST_MATH = YES;
				ONLY_ACTIVE_ARCH = YES;
				SDKROOT = iphoneos;
				SWIFT_ACTIVE_COMPILATION_CONDITIONS = "DEBUG $(inherited)";
				SWIFT_OPTIMIZATION_LEVEL = "-Onone";
			};
			name = Debug;
		};
		522486002E5A0879002B3C4E /* Release */ = {
			isa = XCBuildConfiguration;
			buildSettings = {
				ALWAYS_SEARCH_USER_PATHS = NO;
				ASSETCATALOG_COMPILER_GENERATE_SWIFT_ASSET_SYMBOL_EXTENSIONS = YES;
				CLANG_ANALYZER_NONNULL = YES;
				CLANG_ANALYZER_NUMBER_OBJECT_CONVERSION = YES_AGGRESSIVE;
				CLANG_CXX_LANGUAGE_STANDARD = "gnu++20";
				CLANG_ENABLE_MODULES = YES;
				CLANG_ENABLE_OBJC_ARC = YES;
				CLANG_ENABLE_OBJC_WEAK = YES;
				CLANG_WARN_BLOCK_CAPTURE_AUTORELEASING = YES;
				CLANG_WARN_BOOL_CONVERSION = YES;
				CLANG_WARN_COMMA = YES;
				CLANG_WARN_CONSTANT_CONVERSION = YES;
				CLANG_WARN_DEPRECATED_OBJC_IMPLEMENTATIONS = YES;
				CLANG_WARN_DIRECT_OBJC_ISA_USAGE = YES_ERROR;
				CLANG_WARN_DOCUMENTATION_COMMENTS = YES;
				CLANG_WARN_EMPTY_BODY = YES;
				CLANG_WARN_ENUM_CONVERSION = YES;
				CLANG_WARN_INFINITE_RECURSION = YES;
				CLANG_WARN_INT_CONVERSION = YES;
				CLANG_WARN_NON_LITERAL_NULL_CONVERSION = YES;
				CLANG_WARN_OBJC_IMPLICIT_RETAIN_SELF = YES;
				CLANG_WARN_OBJC_LITERAL_CONVERSION = YES;
				CLANG_WARN_OBJC_ROOT_CLASS = YES_ERROR;
				CLANG_WARN_QUOTED_INCLUDE_IN_FRAMEWORK_HEADER = YES;
				CLANG_WARN_RANGE_LOOP_ANALYSIS = YES;
				CLANG_WARN_STRICT_PROTOTYPES = YES;
				CLANG_WARN_SUSPICIOUS_MOVE = YES;
				CLANG_WARN_UNGUARDED_AVAILABILITY = YES_AGGRESSIVE;
				CLANG_WARN_UNREACHABLE_CODE = YES;
				CLANG_WARN__DUPLICATE_METHOD_MATCH = YES;
				COPY_PHASE_STRIP = NO;
				DEBUG_INFORMATION_FORMAT = "dwarf-with-dsym";
				ENABLE_NS_ASSERTIONS = NO;
				ENABLE_STRICT_OBJC_MSGSEND = YES;
				ENABLE_USER_SCRIPT_SANDBOXING = YES;
				GCC_C_LANGUAGE_STANDARD = gnu17;
				GCC_NO_COMMON_BLOCKS = YES;
				GCC_WARN_64_TO_32_BIT_CONVERSION = YES;
				GCC_WARN_ABOUT_RETURN_TYPE = YES_ERROR;
				GCC_WARN_UNDECLARED_SELECTOR = YES;
				GCC_WARN_UNINITIALIZED_AUTOS = YES_AGGRESSIVE;
				GCC_WARN_UNUSED_FUNCTION = YES;
				GCC_WARN_UNUSED_VARIABLE = YES;
				IPHONEOS_DEPLOYMENT_TARGET = 18.5;
				LOCALIZATION_PREFERS_STRING_CATALOGS = YES;
				MTL_ENABLE_DEBUG_INFO = NO;
				MTL_FAST_MATH = YES;
				SDKROOT = iphoneos;
				SWIFT_COMPILATION_MODE = wholemodule;
				VALIDATE_PRODUCT = YES;
			};
			name = Release;
		};
		522486022E5A0879002B3C4E /* Debug */ = {
			isa = XCBuildConfiguration;
			buildSettings = {
				ASSETCATALOG_COMPILER_APPICON_NAME = AppIcon;
				ASSETCATALOG_COMPILER_GLOBAL_ACCENT_COLOR_NAME = AccentColor;
				CODE_SIGN_STYLE = Automatic;
				CURRENT_PROJECT_VERSION = 1;
				ENABLE_PREVIEWS = YES;
				GENERATE_INFOPLIST_FILE = YES;
				INFOPLIST_KEY_UIApplicationSceneManifest_Generation = YES;
				INFOPLIST_KEY_UIApplicationSupportsIndirectInputEvents = YES;
				INFOPLIST_KEY_UILaunchScreen_Generation = YES;
				INFOPLIST_KEY_UISupportedInterfaceOrientations_iPad = "UIInterfaceOrientationPortrait UIInterfaceOrientationPortraitUpsideDown UIInterfaceOrientationLandscapeLeft UIInterfaceOrientationLandscapeRight";
				INFOPLIST_KEY_UISupportedInterfaceOrientations_iPhone = "UIInterfaceOrientationPortrait UIInterfaceOrientationLandscapeLeft UIInterfaceOrientationLandscapeRight";
				LD_RUNPATH_SEARCH_PATHS = (
					"$(inherited)",
					"@executable_path/Frameworks",
				);
				MARKETING_VERSION = 1.0;
				PRODUCT_BUNDLE_IDENTIFIER = "zyx.xayyaq.Vita-Health";
				PRODUCT_NAME = "$(TARGET_NAME)";
				SWIFT_EMIT_LOC_STRINGS = YES;
				SWIFT_VERSION = 5.0;
				TARGETED_DEVICE_FAMILY = "1,2";
			};
			name = Debug;
		};
		522486032E5A0879002B3C4E /* Release */ = {
			isa = XCBuildConfiguration;
			buildSettings = {
				ASSETCATALOG_COMPILER_APPICON_NAME = AppIcon;
				ASSETCATALOG_COMPILER_GLOBAL_ACCENT_COLOR_NAME = AccentColor;
				CODE_SIGN_STYLE = Automatic;
				CURRENT_PROJECT_VERSION = 1;
				ENABLE_PREVIEWS = YES;
				GENERATE_INFOPLIST_FILE = YES;
				INFOPLIST_KEY_UIApplicationSceneManifest_Generation = YES;
				INFOPLIST_KEY_UIApplicationSupportsIndirectInputEvents = YES;
				INFOPLIST_KEY_UILaunchScreen_Generation = YES;
				INFOPLIST_KEY_UISupportedInterfaceOrientations_iPad = "UIInterfaceOrientationPortrait UIInterfaceOrientationPortraitUpsideDown UIInterfaceOrientationLandscapeLeft UIInterfaceOrientationLandscapeRight";
				INFOPLIST_KEY_UISupportedInterfaceOrientations_iPhone = "UIInterfaceOrientationPortrait UIInterfaceOrientationLandscapeLeft UIInterfaceOrientationLandscapeRight";
				LD_RUNPATH_SEARCH_PATHS = (
					"$(inherited)",
					"@executable_path/Frameworks",
				);
				MARKETING_VERSION = 1.0;
				PRODUCT_BUNDLE_IDENTIFIER = "zyx.xayyaq.Vita-Health";
				PRODUCT_NAME = "$(TARGET_NAME)";
				SWIFT_EMIT_LOC_STRINGS = YES;
				SWIFT_VERSION = 5.0;
				TARGETED_DEVICE_FAMILY = "1,2";
			};
			name = Release;
		};
		522486052E5A0879002B3C4E /* Debug */ = {
			isa = XCBuildConfiguration;
			buildSettings = {
				BUNDLE_LOADER = "$(TEST_HOST)";
				CODE_SIGN_STYLE = Automatic;
				CURRENT_PROJECT_VERSION = 1;
				GENERATE_INFOPLIST_FILE = YES;
				IPHONEOS_DEPLOYMENT_TARGET = 18.5;
				MARKETING_VERSION = 1.0;
				PRODUCT_BUNDLE_IDENTIFIER = "zyx.xayyaq.Vita-HealthTests";
				PRODUCT_NAME = "$(TARGET_NAME)";
				SWIFT_EMIT_LOC_STRINGS = NO;
				SWIFT_VERSION = 5.0;
				TARGETED_DEVICE_FAMILY = "1,2";
				TEST_HOST = "$(BUILT_PRODUCTS_DIR)/Vita-Health.app/$(BUNDLE_EXECUTABLE_FOLDER_PATH)/Vita-Health";
			};
			name = Debug;
		};
		522486062E5A0879002B3C4E /* Release */ = {
			isa = XCBuildConfiguration;
			buildSettings = {
				BUNDLE_LOADER = "$(TEST_HOST)";
				CODE_SIGN_STYLE = Automatic;
				CURRENT_PROJECT_VERSION = 1;
				GENERATE_INFOPLIST_FILE = YES;
				IPHONEOS_DEPLOYMENT_TARGET = 18.5;
				MARKETING_VERSION = 1.0;
				PRODUCT_BUNDLE_IDENTIFIER = "zyx.xayyaq.Vita-HealthTests";
				PRODUCT_NAME = "$(TARGET_NAME)";
				SWIFT_EMIT_LOC_STRINGS = NO;
				SWIFT_VERSION = 5.0;
				TARGETED_DEVICE_FAMILY = "1,2";
				TEST_HOST = "$(BUILT_PRODUCTS_DIR)/Vita-Health.app/$(BUNDLE_EXECUTABLE_FOLDER_PATH)/Vita-Health";
			};
			name = Release;
		};
		522486082E5A0879002B3C4E /* Debug */ = {
			isa = XCBuildConfiguration;
			buildSettings = {
				CODE_SIGN_STYLE = Automatic;
				CURRENT_PROJECT_VERSION = 1;
				GENERATE_INFOPLIST_FILE = YES;
				MARKETING_VERSION = 1.0;
				PRODUCT_BUNDLE_IDENTIFIER = "zyx.xayyaq.Vita-HealthUITests";
				PRODUCT_NAME = "$(TARGET_NAME)";
				SWIFT_EMIT_LOC_STRINGS = NO;
				SWIFT_VERSION = 5.0;
				TARGETED_DEVICE_FAMILY = "1,2";
				TEST_TARGET_NAME = "Vita-Health";
			};
			name = Debug;
		};
		522486092E5A0879002B3C4E /* Release */ = {
			isa = XCBuildConfiguration;
			buildSettings = {
				CODE_SIGN_STYLE = Automatic;
				CURRENT_PROJECT_VERSION = 1;
				GENERATE_INFOPLIST_FILE = YES;
				MARKETING_VERSION = 1.0;
				PRODUCT_BUNDLE_IDENTIFIER = "zyx.xayyaq.Vita-HealthUITests";
				PRODUCT_NAME = "$(TARGET_NAME)";
				SWIFT_EMIT_LOC_STRINGS = NO;
				SWIFT_VERSION = 5.0;
				TARGETED_DEVICE_FAMILY = "1,2";
				TEST_TARGET_NAME = "Vita-Health";
			};
			name = Release;
		};
/* End XCBuildConfiguration section */

/* Begin XCConfigurationList section */
		522485DB2E5A0877002B3C4E /* Build configuration list for PBXProject "Vita-Health" */ = {
			isa = XCConfigurationList;
			buildConfigurations = (
				522485FF2E5A0879002B3C4E /* Debug */,
				522486002E5A0879002B3C4E /* Release */,
			);
			defaultConfigurationIsVisible = 0;
			defaultConfigurationName = Release;
		};
		522486012E5A0879002B3C4E /* Build configuration list for PBXNativeTarget "Vita-Health" */ = {
			isa = XCConfigurationList;
			buildConfigurations = (
				522486022E5A0879002B3C4E /* Debug */,
				522486032E5A0879002B3C4E /* Release */,
			);
			defaultConfigurationIsVisible = 0;
			defaultConfigurationName = Release;
		};
		522486042E5A0879002B3C4E /* Build configuration list for PBXNativeTarget "Vita-HealthTests" */ = {
			isa = XCConfigurationList;
			buildConfigurations = (
				522486052E5A0879002B3C4E /* Debug */,
				522486062E5A0879002B3C4E /* Release */,
			);
			defaultConfigurationIsVisible = 0;
			defaultConfigurationName = Release;
		};
		522486072E5A0879002B3C4E /* Build configuration list for PBXNativeTarget "Vita-HealthUITests" */ = {
			isa = XCConfigurationList;
			buildConfigurations = (
				522486082E5A0879002B3C4E /* Debug */,
				522486092E5A0879002B3C4E /* Release */,
			);
			defaultConfigurationIsVisible = 0;
			defaultConfigurationName = Release;
		};
/* End XCConfigurationList section */
	};
	rootObject = 522485D82E5A0877002B3C4E /* Project object */;
}
